{
  "name": "med-mgt",
  "version": "1.0.0",
  "lockfileVersion": 3,
  "requires": true,
  "packages": {
    "": {
      "name": "med-mgt",
      "version": "1.0.0",
      "license": "ISC",
      "dependencies": {
        "mina-request": "^1.0.8",
        "miniprogram-api-promise": "^1.0.4",
        "mobx-miniprogram": "^4.13.2",
        "mobx-miniprogram-bindings": "^1.2.1",
        "tdesign-miniprogram": "^1.4.2"
      }
    },
    "node_modules/dayjs": {
      "version": "1.11.10",
      "resolved": "https://registry.npmjs.org/dayjs/-/dayjs-1.11.10.tgz",
      "integrity": "sha512-vjAczensTgRcqDERK0SR2XMwsF/tSvnvlv6VcF2GIhg6Sx4yOIt/irsr1RDJsKiIyBzJDpCoXiWWq28MqH2cnQ=="
    },
    "node_modules/mina-request": {
      "version": "1.0.8",
      "resolved": "https://registry.npmmirror.com/mina-request/-/mina-request-1.0.8.tgz",
      "integrity": "sha512-IzsnzZEAJOyQnYMKhut7+m6EygiiZOd5yvspNplVlVT026ucaaJrie92k0K0Umw0jkASvJn1WXjSq+FntYj/GQ=="
    },
    "node_modules/miniprogram-api-promise": {
      "version": "1.0.4",
      "resolved": "https://registry.npmjs.org/miniprogram-api-promise/-/miniprogram-api-promise-1.0.4.tgz",
      "integrity": "sha512-lS2ukj03Ugy8IJUDmdssklLT4kjzyRtVYwErhyDZkzxtqcxaed2xldRgNrsikigeMUBR9gAs7wgnjSKPlyKIYg=="
    },
    "node_modules/mobx-miniprogram": {
      "version": "4.13.2",
      "resolved": "https://registry.npmmirror.com/mobx-miniprogram/-/mobx-miniprogram-4.13.2.tgz",
      "integrity": "sha512-C3HtkqHCLKp35N2gXA80yFD6PNfSqwioPFmnjTQpBLrEqYm1F6yiWZ57CW+8FqgmR306mw6ZfsM5q7hSTHw8BQ=="
    },
    "node_modules/mobx-miniprogram-bindings": {
      "version": "1.2.1",
      "resolved": "https://registry.npmmirror.com/mobx-miniprogram-bindings/-/mobx-miniprogram-bindings-1.2.1.tgz",
      "integrity": "sha512-OleJ0IIc4g8rC7ul0wtn+imapVQvWo/1UxZyvdMrfwcenmHBjY4Bddr90RoIwkM+Ul7nOxsYdsmOsB/mZ0PJmA==",
      "peerDependencies": {
        "mobx-miniprogram": "^4.0.0"
      }
    },
    "node_modules/tdesign-miniprogram": {
      "version": "1.4.2",
      "resolved": "https://registry.npmjs.org/tdesign-miniprogram/-/tdesign-miniprogram-1.4.2.tgz",
      "integrity": "sha512-TBNtOA0Mvpc5HEHQsKhFOsZp8HJLlO1PiHDLmi/i+b8Fmx0euVsGbZlTd/vaBLXPcQ07bpBf1i5z2pXpeov0hA==",
      "dependencies": {
        "dayjs": "^1.10.7"
      }
    }
  }
}
